// !$*UTF8*$!
{
	archiveVersion = 1;
	classes = {
	};
	objectVersion = 46;
	objects = {

/* Begin PBXBuildFile section */
		9C0E89471CD10D480044A7D8 /* Box.framework in Frameworks */ = {isa = PBXBuildFile; fileRef = 9C0E89441CD10D480044A7D8 /* Box.framework */; };
		9C0E89481CD10D480044A7D8 /* CocoaAsyncSocket.framework in Frameworks */ = {isa = PBXBuildFile; fileRef = 9C0E89451CD10D480044A7D8 /* CocoaAsyncSocket.framework */; };
		9C0E89491CD10D480044A7D8 /* Result.framework in Frameworks */ = {isa = PBXBuildFile; fileRef = 9C0E89461CD10D480044A7D8 /* Result.framework */; };
		9C0E894D1CD10D520044A7D8 /* Box.framework in Frameworks */ = {isa = PBXBuildFile; fileRef = 9C0E894A1CD10D520044A7D8 /* Box.framework */; };
		9C0E894E1CD10D520044A7D8 /* CocoaAsyncSocket.framework in Frameworks */ = {isa = PBXBuildFile; fileRef = 9C0E894B1CD10D520044A7D8 /* CocoaAsyncSocket.framework */; };
		9C0E894F1CD10D520044A7D8 /* Result.framework in Frameworks */ = {isa = PBXBuildFile; fileRef = 9C0E894C1CD10D520044A7D8 /* Result.framework */; };
		9C2A10CD1C17CA1F00FF2DAE /* AsyncSockets.swift in Sources */ = {isa = PBXBuildFile; fileRef = 9C2A10CC1C17CA1F00FF2DAE /* AsyncSockets.swift */; };
		9C2A10D01C17DF3C00FF2DAE /* AsyncSocketsTests.swift in Sources */ = {isa = PBXBuildFile; fileRef = 9C2A10CE1C17DEFC00FF2DAE /* AsyncSocketsTests.swift */; };
		9C2A10D31C1872A200FF2DAE /* Utils.swift in Sources */ = {isa = PBXBuildFile; fileRef = 9C2A10D11C18729C00FF2DAE /* Utils.swift */; };
		9C8B33461C2548D90040F967 /* SocketAddress.swift in Sources */ = {isa = PBXBuildFile; fileRef = 9C8B33451C2548D90040F967 /* SocketAddress.swift */; };
		9C8B33481C2558B20040F967 /* HashCombine.swift in Sources */ = {isa = PBXBuildFile; fileRef = 9C8B33471C2558B20040F967 /* HashCombine.swift */; };
		9C8B334A1C2717C20040F967 /* SocketAddressTests.swift in Sources */ = {isa = PBXBuildFile; fileRef = 9C8B33491C2717C10040F967 /* SocketAddressTests.swift */; };
		9C9A206E1C1EBBD40063567B /* BinarySpecParserTests.swift in Sources */ = {isa = PBXBuildFile; fileRef = 9C9A206D1C1EBBD40063567B /* BinarySpecParserTests.swift */; };
		9CB2D5151C44083C0022BFDA /* BinarySpec.h in Headers */ = {isa = PBXBuildFile; fileRef = 9CD20AE11C123137007899F2 /* BinarySpec.h */; settings = {ATTRIBUTES = (Public, ); }; };
		9CB2D5161C4408520022BFDA /* BinarySpec.swift in Sources */ = {isa = PBXBuildFile; fileRef = 9CD20AF61C12326D007899F2 /* BinarySpec.swift */; };
		9CB2D5171C4408550022BFDA /* BinarySpecParser.swift in Sources */ = {isa = PBXBuildFile; fileRef = 9C1D2E8C1C19C53200D76A34 /* BinarySpecParser.swift */; };
		9CB2D5181C4408580022BFDA /* AsyncSockets.swift in Sources */ = {isa = PBXBuildFile; fileRef = 9C2A10CC1C17CA1F00FF2DAE /* AsyncSockets.swift */; };
		9CB2D5191C44085B0022BFDA /* SocketAddress.swift in Sources */ = {isa = PBXBuildFile; fileRef = 9C8B33451C2548D90040F967 /* SocketAddress.swift */; };
		9CB2D51A1C44085D0022BFDA /* HashCombine.swift in Sources */ = {isa = PBXBuildFile; fileRef = 9C8B33471C2558B20040F967 /* HashCombine.swift */; };
		9CD20AE21C123137007899F2 /* BinarySpec.h in Headers */ = {isa = PBXBuildFile; fileRef = 9CD20AE11C123137007899F2 /* BinarySpec.h */; settings = {ATTRIBUTES = (Public, ); }; };
		9CD20AE91C123137007899F2 /* BinarySpec.framework in Frameworks */ = {isa = PBXBuildFile; fileRef = 9CD20ADF1C123137007899F2 /* BinarySpec.framework */; };
		9CD20AEE1C123137007899F2 /* BinarySpecTests.swift in Sources */ = {isa = PBXBuildFile; fileRef = 9CD20AED1C123137007899F2 /* BinarySpecTests.swift */; };
		9CD20AF71C12326D007899F2 /* BinarySpec.swift in Sources */ = {isa = PBXBuildFile; fileRef = 9CD20AF61C12326D007899F2 /* BinarySpec.swift */; };
		9CDA92251C1DF8E700A0DC09 /* BinarySpecParser.swift in Sources */ = {isa = PBXBuildFile; fileRef = 9C1D2E8C1C19C53200D76A34 /* BinarySpecParser.swift */; };
		9CE5CFD51CD2209F00F383E4 /* BinarySpec.framework in Frameworks */ = {isa = PBXBuildFile; fileRef = 9CB2D50D1C4407E10022BFDA /* BinarySpec.framework */; };
		9CE5CFDB1CD2210700F383E4 /* Utils.swift in Sources */ = {isa = PBXBuildFile; fileRef = 9C2A10D11C18729C00FF2DAE /* Utils.swift */; };
		9CE5CFDC1CD2210700F383E4 /* BinarySpecTests.swift in Sources */ = {isa = PBXBuildFile; fileRef = 9CD20AED1C123137007899F2 /* BinarySpecTests.swift */; };
		9CE5CFDD1CD2210700F383E4 /* AsyncSocketsTests.swift in Sources */ = {isa = PBXBuildFile; fileRef = 9C2A10CE1C17DEFC00FF2DAE /* AsyncSocketsTests.swift */; };
		9CE5CFDE1CD2210700F383E4 /* BinarySpecParserTests.swift in Sources */ = {isa = PBXBuildFile; fileRef = 9C9A206D1C1EBBD40063567B /* BinarySpecParserTests.swift */; };
		9CE5CFDF1CD2210700F383E4 /* SocketAddressTests.swift in Sources */ = {isa = PBXBuildFile; fileRef = 9C8B33491C2717C10040F967 /* SocketAddressTests.swift */; };
/* End PBXBuildFile section */

/* Begin PBXContainerItemProxy section */
		9CD20AEA1C123137007899F2 /* PBXContainerItemProxy */ = {
			isa = PBXContainerItemProxy;
			containerPortal = 9CD20A9B1C12293C007899F2 /* Project object */;
			proxyType = 1;
			remoteGlobalIDString = 9CD20ADE1C123137007899F2;
			remoteInfo = BinarySpec;
		};
		9CE5CFD61CD2209F00F383E4 /* PBXContainerItemProxy */ = {
			isa = PBXContainerItemProxy;
			containerPortal = 9CD20A9B1C12293C007899F2 /* Project object */;
			proxyType = 1;
			remoteGlobalIDString = 9CB2D50C1C4407E10022BFDA;
			remoteInfo = BinarySpec_OSX;
		};
/* End PBXContainerItemProxy section */

/* Begin PBXFileReference section */
		9C0E89441CD10D480044A7D8 /* Box.framework */ = {isa = PBXFileReference; lastKnownFileType = wrapper.framework; name = Box.framework; path = "Carthage/Checkouts/Box/build/Debug-iphoneos/Box.framework"; sourceTree = "<group>"; };
		9C0E89451CD10D480044A7D8 /* CocoaAsyncSocket.framework */ = {isa = PBXFileReference; lastKnownFileType = wrapper.framework; name = CocoaAsyncSocket.framework; path = "Carthage/Checkouts/CocoaAsyncSocket/build/Debug-iphoneos/CocoaAsyncSocket.framework"; sourceTree = "<group>"; };
		9C0E89461CD10D480044A7D8 /* Result.framework */ = {isa = PBXFileReference; lastKnownFileType = wrapper.framework; name = Result.framework; path = "Carthage/Checkouts/Result/build/Debug-iphoneos/Result.framework"; sourceTree = "<group>"; };
		9C0E894A1CD10D520044A7D8 /* Box.framework */ = {isa = PBXFileReference; lastKnownFileType = wrapper.framework; name = Box.framework; path = Carthage/Checkouts/Box/build/Debug/Box.framework; sourceTree = "<group>"; };
		9C0E894B1CD10D520044A7D8 /* CocoaAsyncSocket.framework */ = {isa = PBXFileReference; lastKnownFileType = wrapper.framework; name = CocoaAsyncSocket.framework; path = Carthage/Checkouts/CocoaAsyncSocket/build/Debug/CocoaAsyncSocket.framework; sourceTree = "<group>"; };
		9C0E894C1CD10D520044A7D8 /* Result.framework */ = {isa = PBXFileReference; lastKnownFileType = wrapper.framework; name = Result.framework; path = Carthage/Checkouts/Result/build/Debug/Result.framework; sourceTree = "<group>"; };
		9C1D2E8C1C19C53200D76A34 /* BinarySpecParser.swift */ = {isa = PBXFileReference; fileEncoding = 4; lastKnownFileType = sourcecode.swift; path = BinarySpecParser.swift; sourceTree = "<group>"; };
		9C2A10CC1C17CA1F00FF2DAE /* AsyncSockets.swift */ = {isa = PBXFileReference; fileEncoding = 4; lastKnownFileType = sourcecode.swift; path = AsyncSockets.swift; sourceTree = "<group>"; };
		9C2A10CE1C17DEFC00FF2DAE /* AsyncSocketsTests.swift */ = {isa = PBXFileReference; fileEncoding = 4; lastKnownFileType = sourcecode.swift; path = AsyncSocketsTests.swift; sourceTree = "<group>"; };
		9C2A10D11C18729C00FF2DAE /* Utils.swift */ = {isa = PBXFileReference; fileEncoding = 4; lastKnownFileType = sourcecode.swift; path = Utils.swift; sourceTree = "<group>"; };
		9C7467811C15E86600AF2C8E /* README.md */ = {isa = PBXFileReference; fileEncoding = 4; lastKnownFileType = net.daringfireball.markdown; path = README.md; sourceTree = "<group>"; };
		9C8B33451C2548D90040F967 /* SocketAddress.swift */ = {isa = PBXFileReference; fileEncoding = 4; lastKnownFileType = sourcecode.swift; path = SocketAddress.swift; sourceTree = "<group>"; };
		9C8B33471C2558B20040F967 /* HashCombine.swift */ = {isa = PBXFileReference; fileEncoding = 4; lastKnownFileType = sourcecode.swift; path = HashCombine.swift; sourceTree = "<group>"; };
		9C8B33491C2717C10040F967 /* SocketAddressTests.swift */ = {isa = PBXFileReference; fileEncoding = 4; lastKnownFileType = sourcecode.swift; path = SocketAddressTests.swift; sourceTree = "<group>"; };
		9C9A206D1C1EBBD40063567B /* BinarySpecParserTests.swift */ = {isa = PBXFileReference; fileEncoding = 4; lastKnownFileType = sourcecode.swift; path = BinarySpecParserTests.swift; sourceTree = "<group>"; };
		9CB2D5071C4406FC0022BFDA /* BinarySpec.playground */ = {isa = PBXFileReference; lastKnownFileType = file.playground; path = BinarySpec.playground; sourceTree = "<group>"; };
		9CB2D50D1C4407E10022BFDA /* BinarySpec.framework */ = {isa = PBXFileReference; explicitFileType = wrapper.framework; includeInIndex = 0; path = BinarySpec.framework; sourceTree = BUILT_PRODUCTS_DIR; };
		9CD20ADF1C123137007899F2 /* BinarySpec.framework */ = {isa = PBXFileReference; explicitFileType = wrapper.framework; includeInIndex = 0; path = BinarySpec.framework; sourceTree = BUILT_PRODUCTS_DIR; };
		9CD20AE11C123137007899F2 /* BinarySpec.h */ = {isa = PBXFileReference; lastKnownFileType = sourcecode.c.h; path = BinarySpec.h; sourceTree = "<group>"; };
		9CD20AE31C123137007899F2 /* Info.plist */ = {isa = PBXFileReference; lastKnownFileType = text.plist.xml; path = Info.plist; sourceTree = "<group>"; };
		9CD20AE81C123137007899F2 /* BinarySpecTests.xctest */ = {isa = PBXFileReference; explicitFileType = wrapper.cfbundle; includeInIndex = 0; path = BinarySpecTests.xctest; sourceTree = BUILT_PRODUCTS_DIR; };
		9CD20AED1C123137007899F2 /* BinarySpecTests.swift */ = {isa = PBXFileReference; lastKnownFileType = sourcecode.swift; path = BinarySpecTests.swift; sourceTree = "<group>"; };
		9CD20AEF1C123137007899F2 /* Info.plist */ = {isa = PBXFileReference; lastKnownFileType = text.plist.xml; path = Info.plist; sourceTree = "<group>"; };
		9CD20AF61C12326D007899F2 /* BinarySpec.swift */ = {isa = PBXFileReference; fileEncoding = 4; lastKnownFileType = sourcecode.swift; path = BinarySpec.swift; sourceTree = "<group>"; };
		9CE5CFD01CD2209F00F383E4 /* BinarySpecTests_OSX.xctest */ = {isa = PBXFileReference; explicitFileType = wrapper.cfbundle; includeInIndex = 0; path = BinarySpecTests_OSX.xctest; sourceTree = BUILT_PRODUCTS_DIR; };
/* End PBXFileReference section */

/* Begin PBXFrameworksBuildPhase section */
		9CB2D5091C4407E10022BFDA /* Frameworks */ = {
			isa = PBXFrameworksBuildPhase;
			buildActionMask = 2147483647;
			files = (
				9C0E894D1CD10D520044A7D8 /* Box.framework in Frameworks */,
				9C0E894E1CD10D520044A7D8 /* CocoaAsyncSocket.framework in Frameworks */,
				9C0E894F1CD10D520044A7D8 /* Result.framework in Frameworks */,
			);
			runOnlyForDeploymentPostprocessing = 0;
		};
		9CD20ADB1C123137007899F2 /* Frameworks */ = {
			isa = PBXFrameworksBuildPhase;
			buildActionMask = 2147483647;
			files = (
				9C0E89471CD10D480044A7D8 /* Box.framework in Frameworks */,
				9C0E89481CD10D480044A7D8 /* CocoaAsyncSocket.framework in Frameworks */,
				9C0E89491CD10D480044A7D8 /* Result.framework in Frameworks */,
			);
			runOnlyForDeploymentPostprocessing = 0;
		};
		9CD20AE51C123137007899F2 /* Frameworks */ = {
			isa = PBXFrameworksBuildPhase;
			buildActionMask = 2147483647;
			files = (
				9CD20AE91C123137007899F2 /* BinarySpec.framework in Frameworks */,
			);
			runOnlyForDeploymentPostprocessing = 0;
		};
		9CE5CFCD1CD2209F00F383E4 /* Frameworks */ = {
			isa = PBXFrameworksBuildPhase;
			buildActionMask = 2147483647;
			files = (
				9CE5CFD51CD2209F00F383E4 /* BinarySpec.framework in Frameworks */,
			);
			runOnlyForDeploymentPostprocessing = 0;
		};
/* End PBXFrameworksBuildPhase section */

/* Begin PBXGroup section */
		9C0E89511CD10DDE0044A7D8 /* Dependencies */ = {
			isa = PBXGroup;
			children = (
				9C0E894A1CD10D520044A7D8 /* Box.framework */,
				9C0E894B1CD10D520044A7D8 /* CocoaAsyncSocket.framework */,
				9C0E894C1CD10D520044A7D8 /* Result.framework */,
				9C0E89441CD10D480044A7D8 /* Box.framework */,
				9C0E89451CD10D480044A7D8 /* CocoaAsyncSocket.framework */,
				9C0E89461CD10D480044A7D8 /* Result.framework */,
			);
			name = Dependencies;
			sourceTree = "<group>";
		};
		9CD20A9A1C12293C007899F2 = {
			isa = PBXGroup;
			children = (
				9C0E89511CD10DDE0044A7D8 /* Dependencies */,
				9CB2D5071C4406FC0022BFDA /* BinarySpec.playground */,
				9C7467811C15E86600AF2C8E /* README.md */,
				9CD20AE01C123137007899F2 /* Sources */,
				9CD20AEC1C123137007899F2 /* Tests */,
				9CD20AA41C12293C007899F2 /* Products */,
			);
			sourceTree = "<group>";
		};
		9CD20AA41C12293C007899F2 /* Products */ = {
			isa = PBXGroup;
			children = (
				9CD20ADF1C123137007899F2 /* BinarySpec.framework */,
				9CD20AE81C123137007899F2 /* BinarySpecTests.xctest */,
				9CB2D50D1C4407E10022BFDA /* BinarySpec.framework */,
				9CE5CFD01CD2209F00F383E4 /* BinarySpecTests_OSX.xctest */,
			);
			name = Products;
			sourceTree = "<group>";
		};
		9CD20AE01C123137007899F2 /* Sources */ = {
			isa = PBXGroup;
			children = (
				9CD20AE11C123137007899F2 /* BinarySpec.h */,
				9CD20AE31C123137007899F2 /* Info.plist */,
				9CD20AF61C12326D007899F2 /* BinarySpec.swift */,
				9C1D2E8C1C19C53200D76A34 /* BinarySpecParser.swift */,
				9C2A10CC1C17CA1F00FF2DAE /* AsyncSockets.swift */,
				9C8B33451C2548D90040F967 /* SocketAddress.swift */,
				9C8B33471C2558B20040F967 /* HashCombine.swift */,
			);
			path = Sources;
			sourceTree = "<group>";
		};
		9CD20AEC1C123137007899F2 /* Tests */ = {
			isa = PBXGroup;
			children = (
				9C2A10D11C18729C00FF2DAE /* Utils.swift */,
				9CD20AED1C123137007899F2 /* BinarySpecTests.swift */,
				9C2A10CE1C17DEFC00FF2DAE /* AsyncSocketsTests.swift */,
				9C9A206D1C1EBBD40063567B /* BinarySpecParserTests.swift */,
				9CD20AEF1C123137007899F2 /* Info.plist */,
				9C8B33491C2717C10040F967 /* SocketAddressTests.swift */,
			);
			path = Tests;
			sourceTree = "<group>";
		};
/* End PBXGroup section */

/* Begin PBXHeadersBuildPhase section */
		9CB2D50A1C4407E10022BFDA /* Headers */ = {
			isa = PBXHeadersBuildPhase;
			buildActionMask = 2147483647;
			files = (
				9CB2D5151C44083C0022BFDA /* BinarySpec.h in Headers */,
			);
			runOnlyForDeploymentPostprocessing = 0;
		};
		9CD20ADC1C123137007899F2 /* Headers */ = {
			isa = PBXHeadersBuildPhase;
			buildActionMask = 2147483647;
			files = (
				9CD20AE21C123137007899F2 /* BinarySpec.h in Headers */,
			);
			runOnlyForDeploymentPostprocessing = 0;
		};
/* End PBXHeadersBuildPhase section */

/* Begin PBXNativeTarget section */
		9CB2D50C1C4407E10022BFDA /* BinarySpec_OSX */ = {
			isa = PBXNativeTarget;
			buildConfigurationList = 9CB2D5121C4407E20022BFDA /* Build configuration list for PBXNativeTarget "BinarySpec_OSX" */;
			buildPhases = (
				9CB2D5081C4407E10022BFDA /* Sources */,
				9CB2D5091C4407E10022BFDA /* Frameworks */,
				9CB2D50A1C4407E10022BFDA /* Headers */,
				9CB2D50B1C4407E10022BFDA /* Resources */,
			);
			buildRules = (
			);
			dependencies = (
			);
			name = BinarySpec_OSX;
			productName = "BinarySpec-OSX";
			productReference = 9CB2D50D1C4407E10022BFDA /* BinarySpec.framework */;
			productType = "com.apple.product-type.framework";
		};
		9CD20ADE1C123137007899F2 /* BinarySpec */ = {
			isa = PBXNativeTarget;
			buildConfigurationList = 9CD20AF01C123137007899F2 /* Build configuration list for PBXNativeTarget "BinarySpec" */;
			buildPhases = (
				9CD20ADA1C123137007899F2 /* Sources */,
				9CD20ADB1C123137007899F2 /* Frameworks */,
				9CD20ADC1C123137007899F2 /* Headers */,
				9CD20ADD1C123137007899F2 /* Resources */,
			);
			buildRules = (
			);
			dependencies = (
			);
			name = BinarySpec;
			productName = BinarySpec;
			productReference = 9CD20ADF1C123137007899F2 /* BinarySpec.framework */;
			productType = "com.apple.product-type.framework";
		};
		9CD20AE71C123137007899F2 /* BinarySpecTests */ = {
			isa = PBXNativeTarget;
			buildConfigurationList = 9CD20AF31C123137007899F2 /* Build configuration list for PBXNativeTarget "BinarySpecTests" */;
			buildPhases = (
				9CD20AE41C123137007899F2 /* Sources */,
				9CD20AE51C123137007899F2 /* Frameworks */,
				9CD20AE61C123137007899F2 /* Resources */,
			);
			buildRules = (
			);
			dependencies = (
				9CD20AEB1C123137007899F2 /* PBXTargetDependency */,
			);
			name = BinarySpecTests;
			productName = BinarySpecTests;
			productReference = 9CD20AE81C123137007899F2 /* BinarySpecTests.xctest */;
			productType = "com.apple.product-type.bundle.unit-test";
		};
		9CE5CFCF1CD2209F00F383E4 /* BinarySpecTests_OSX */ = {
			isa = PBXNativeTarget;
			buildConfigurationList = 9CE5CFDA1CD2209F00F383E4 /* Build configuration list for PBXNativeTarget "BinarySpecTests_OSX" */;
			buildPhases = (
				9CE5CFCC1CD2209F00F383E4 /* Sources */,
				9CE5CFCD1CD2209F00F383E4 /* Frameworks */,
				9CE5CFCE1CD2209F00F383E4 /* Resources */,
			);
			buildRules = (
			);
			dependencies = (
				9CE5CFD71CD2209F00F383E4 /* PBXTargetDependency */,
			);
			name = BinarySpecTests_OSX;
			productName = BinarySpecTests_OSX;
			productReference = 9CE5CFD01CD2209F00F383E4 /* BinarySpecTests_OSX.xctest */;
			productType = "com.apple.product-type.bundle.unit-test";
		};
/* End PBXNativeTarget section */

/* Begin PBXProject section */
		9CD20A9B1C12293C007899F2 /* Project object */ = {
			isa = PBXProject;
			attributes = {
				LastSwiftUpdateCheck = 0730;
				LastUpgradeCheck = 0720;
				ORGANIZATIONNAME = kennytm;
				TargetAttributes = {
					9CB2D50C1C4407E10022BFDA = {
						CreatedOnToolsVersion = 7.2;
					};
					9CD20ADE1C123137007899F2 = {
						CreatedOnToolsVersion = 7.1.1;
					};
					9CD20AE71C123137007899F2 = {
						CreatedOnToolsVersion = 7.1.1;
					};
					9CE5CFCF1CD2209F00F383E4 = {
						CreatedOnToolsVersion = 7.3;
					};
				};
			};
			buildConfigurationList = 9CD20A9E1C12293C007899F2 /* Build configuration list for PBXProject "BinarySpec" */;
			compatibilityVersion = "Xcode 3.2";
			developmentRegion = English;
			hasScannedForEncodings = 0;
			knownRegions = (
				en,
			);
			mainGroup = 9CD20A9A1C12293C007899F2;
			productRefGroup = 9CD20AA41C12293C007899F2 /* Products */;
			projectDirPath = "";
			projectRoot = "";
			targets = (
				9CD20ADE1C123137007899F2 /* BinarySpec */,
				9CD20AE71C123137007899F2 /* BinarySpecTests */,
				9CB2D50C1C4407E10022BFDA /* BinarySpec_OSX */,
				9CE5CFCF1CD2209F00F383E4 /* BinarySpecTests_OSX */,
			);
		};
/* End PBXProject section */

/* Begin PBXResourcesBuildPhase section */
		9CB2D50B1C4407E10022BFDA /* Resources */ = {
			isa = PBXResourcesBuildPhase;
			buildActionMask = 2147483647;
			files = (
			);
			runOnlyForDeploymentPostprocessing = 0;
		};
		9CD20ADD1C123137007899F2 /* Resources */ = {
			isa = PBXResourcesBuildPhase;
			buildActionMask = 2147483647;
			files = (
			);
			runOnlyForDeploymentPostprocessing = 0;
		};
		9CD20AE61C123137007899F2 /* Resources */ = {
			isa = PBXResourcesBuildPhase;
			buildActionMask = 2147483647;
			files = (
			);
			runOnlyForDeploymentPostprocessing = 0;
		};
		9CE5CFCE1CD2209F00F383E4 /* Resources */ = {
			isa = PBXResourcesBuildPhase;
			buildActionMask = 2147483647;
			files = (
			);
			runOnlyForDeploymentPostprocessing = 0;
		};
/* End PBXResourcesBuildPhase section */

/* Begin PBXSourcesBuildPhase section */
		9CB2D5081C4407E10022BFDA /* Sources */ = {
			isa = PBXSourcesBuildPhase;
			buildActionMask = 2147483647;
			files = (
				9CB2D5181C4408580022BFDA /* AsyncSockets.swift in Sources */,
				9CB2D5191C44085B0022BFDA /* SocketAddress.swift in Sources */,
				9CB2D51A1C44085D0022BFDA /* HashCombine.swift in Sources */,
				9CB2D5171C4408550022BFDA /* BinarySpecParser.swift in Sources */,
				9CB2D5161C4408520022BFDA /* BinarySpec.swift in Sources */,
			);
			runOnlyForDeploymentPostprocessing = 0;
		};
		9CD20ADA1C123137007899F2 /* Sources */ = {
			isa = PBXSourcesBuildPhase;
			buildActionMask = 2147483647;
			files = (
				9C2A10CD1C17CA1F00FF2DAE /* AsyncSockets.swift in Sources */,
				9CDA92251C1DF8E700A0DC09 /* BinarySpecParser.swift in Sources */,
				9C8B33461C2548D90040F967 /* SocketAddress.swift in Sources */,
				9CD20AF71C12326D007899F2 /* BinarySpec.swift in Sources */,
				9C8B33481C2558B20040F967 /* HashCombine.swift in Sources */,
			);
			runOnlyForDeploymentPostprocessing = 0;
		};
		9CD20AE41C123137007899F2 /* Sources */ = {
			isa = PBXSourcesBuildPhase;
			buildActionMask = 2147483647;
			files = (
				9CD20AEE1C123137007899F2 /* BinarySpecTests.swift in Sources */,
				9C8B334A1C2717C20040F967 /* SocketAddressTests.swift in Sources */,
				9C2A10D01C17DF3C00FF2DAE /* AsyncSocketsTests.swift in Sources */,
				9C9A206E1C1EBBD40063567B /* BinarySpecParserTests.swift in Sources */,
				9C2A10D31C1872A200FF2DAE /* Utils.swift in Sources */,
			);
			runOnlyForDeploymentPostprocessing = 0;
		};
		9CE5CFCC1CD2209F00F383E4 /* Sources */ = {
			isa = PBXSourcesBuildPhase;
			buildActionMask = 2147483647;
			files = (
				9CE5CFDD1CD2210700F383E4 /* AsyncSocketsTests.swift in Sources */,
				9CE5CFDF1CD2210700F383E4 /* SocketAddressTests.swift in Sources */,
				9CE5CFDB1CD2210700F383E4 /* Utils.swift in Sources */,
				9CE5CFDE1CD2210700F383E4 /* BinarySpecParserTests.swift in Sources */,
				9CE5CFDC1CD2210700F383E4 /* BinarySpecTests.swift in Sources */,
			);
			runOnlyForDeploymentPostprocessing = 0;
		};
/* End PBXSourcesBuildPhase section */

/* Begin PBXTargetDependency section */
		9CD20AEB1C123137007899F2 /* PBXTargetDependency */ = {
			isa = PBXTargetDependency;
			target = 9CD20ADE1C123137007899F2 /* BinarySpec */;
			targetProxy = 9CD20AEA1C123137007899F2 /* PBXContainerItemProxy */;
		};
		9CE5CFD71CD2209F00F383E4 /* PBXTargetDependency */ = {
			isa = PBXTargetDependency;
			target = 9CB2D50C1C4407E10022BFDA /* BinarySpec_OSX */;
			targetProxy = 9CE5CFD61CD2209F00F383E4 /* PBXContainerItemProxy */;
		};
/* End PBXTargetDependency section */

/* Begin XCBuildConfiguration section */
		9CB2D5131C4407E20022BFDA /* Debug */ = {
			isa = XCBuildConfiguration;
			buildSettings = {
				ALWAYS_SEARCH_USER_PATHS = NO;
				APPLICATION_EXTENSION_API_ONLY = YES;
				CLANG_CXX_LANGUAGE_STANDARD = "gnu++0x";
				CLANG_CXX_LIBRARY = "libc++";
				CLANG_ENABLE_MODULES = YES;
				CLANG_ENABLE_OBJC_ARC = YES;
				CLANG_WARN_BOOL_CONVERSION = YES;
				CLANG_WARN_CONSTANT_CONVERSION = YES;
				CLANG_WARN_DIRECT_OBJC_ISA_USAGE = YES_ERROR;
				CLANG_WARN_EMPTY_BODY = YES;
				CLANG_WARN_ENUM_CONVERSION = YES;
				CLANG_WARN_INT_CONVERSION = YES;
				CLANG_WARN_OBJC_ROOT_CLASS = YES_ERROR;
				CLANG_WARN_UNREACHABLE_CODE = YES;
				CLANG_WARN__DUPLICATE_METHOD_MATCH = YES;
				CODE_SIGN_IDENTITY = "-";
				COMBINE_HIDPI_IMAGES = YES;
				COPY_PHASE_STRIP = NO;
				CURRENT_PROJECT_VERSION = 1;
				DEBUG_INFORMATION_FORMAT = dwarf;
				DEFINES_MODULE = YES;
				DYLIB_COMPATIBILITY_VERSION = 1;
				DYLIB_CURRENT_VERSION = 1;
				DYLIB_INSTALL_NAME_BASE = "@rpath";
				ENABLE_STRICT_OBJC_MSGSEND = YES;
				FRAMEWORK_SEARCH_PATHS = (
					"$(inherited)",
					"$(PROJECT_DIR)/Carthage/Checkouts/Box/build/Debug",
					"$(PROJECT_DIR)/Carthage/Checkouts/CocoaAsyncSocket/build/Debug",
					"$(PROJECT_DIR)/Carthage/Checkouts/Result/build/Debug",
				);
				FRAMEWORK_VERSION = A;
				GCC_C_LANGUAGE_STANDARD = gnu99;
				GCC_DYNAMIC_NO_PIC = NO;
				GCC_NO_COMMON_BLOCKS = YES;
				GCC_OPTIMIZATION_LEVEL = 0;
				GCC_PREPROCESSOR_DEFINITIONS = (
					"DEBUG=1",
					"$(inherited)",
				);
				GCC_WARN_64_TO_32_BIT_CONVERSION = YES;
				GCC_WARN_ABOUT_RETURN_TYPE = YES_ERROR;
				GCC_WARN_UNDECLARED_SELECTOR = YES;
				GCC_WARN_UNINITIALIZED_AUTOS = YES_AGGRESSIVE;
				GCC_WARN_UNUSED_FUNCTION = YES;
				GCC_WARN_UNUSED_VARIABLE = YES;
				INFOPLIST_FILE = "$(SRCROOT)/Sources/Info.plist";
				INSTALL_PATH = "$(LOCAL_LIBRARY_DIR)/Frameworks";
				LD_RUNPATH_SEARCH_PATHS = "$(inherited) @executable_path/../Frameworks @loader_path/Frameworks";
				MACOSX_DEPLOYMENT_TARGET = 10.11;
				MTL_ENABLE_DEBUG_INFO = YES;
				PRODUCT_BUNDLE_IDENTIFIER = hihex.BinarySpec;
				PRODUCT_NAME = BinarySpec;
				SDKROOT = macosx;
				SKIP_INSTALL = YES;
				SWIFT_OPTIMIZATION_LEVEL = "-Onone";
				VERSIONING_SYSTEM = "apple-generic";
				VERSION_INFO_PREFIX = "";
			};
			name = Debug;
		};
		9CB2D5141C4407E20022BFDA /* Release */ = {
			isa = XCBuildConfiguration;
			buildSettings = {
				ALWAYS_SEARCH_USER_PATHS = NO;
				APPLICATION_EXTENSION_API_ONLY = YES;
				CLANG_CXX_LANGUAGE_STANDARD = "gnu++0x";
				CLANG_CXX_LIBRARY = "libc++";
				CLANG_ENABLE_MODULES = YES;
				CLANG_ENABLE_OBJC_ARC = YES;
				CLANG_WARN_BOOL_CONVERSION = YES;
				CLANG_WARN_CONSTANT_CONVERSION = YES;
				CLANG_WARN_DIRECT_OBJC_ISA_USAGE = YES_ERROR;
				CLANG_WARN_EMPTY_BODY = YES;
				CLANG_WARN_ENUM_CONVERSION = YES;
				CLANG_WARN_INT_CONVERSION = YES;
				CLANG_WARN_OBJC_ROOT_CLASS = YES_ERROR;
				CLANG_WARN_UNREACHABLE_CODE = YES;
				CLANG_WARN__DUPLICATE_METHOD_MATCH = YES;
				CODE_SIGN_IDENTITY = "-";
				COMBINE_HIDPI_IMAGES = YES;
				COPY_PHASE_STRIP = NO;
				CURRENT_PROJECT_VERSION = 1;
				DEBUG_INFORMATION_FORMAT = "dwarf-with-dsym";
				DEFINES_MODULE = YES;
				DYLIB_COMPATIBILITY_VERSION = 1;
				DYLIB_CURRENT_VERSION = 1;
				DYLIB_INSTALL_NAME_BASE = "@rpath";
				ENABLE_NS_ASSERTIONS = NO;
				ENABLE_STRICT_OBJC_MSGSEND = YES;
				FRAMEWORK_SEARCH_PATHS = (
					"$(inherited)",
					"$(PROJECT_DIR)/Carthage/Checkouts/Box/build/Debug",
					"$(PROJECT_DIR)/Carthage/Checkouts/CocoaAsyncSocket/build/Debug",
					"$(PROJECT_DIR)/Carthage/Checkouts/Result/build/Debug",
				);
				FRAMEWORK_VERSION = A;
				GCC_C_LANGUAGE_STANDARD = gnu99;
				GCC_NO_COMMON_BLOCKS = YES;
				GCC_WARN_64_TO_32_BIT_CONVERSION = YES;
				GCC_WARN_ABOUT_RETURN_TYPE = YES_ERROR;
				GCC_WARN_UNDECLARED_SELECTOR = YES;
				GCC_WARN_UNINITIALIZED_AUTOS = YES_AGGRESSIVE;
				GCC_WARN_UNUSED_FUNCTION = YES;
				GCC_WARN_UNUSED_VARIABLE = YES;
				INFOPLIST_FILE = "$(SRCROOT)/Sources/Info.plist";
				INSTALL_PATH = "$(LOCAL_LIBRARY_DIR)/Frameworks";
				LD_RUNPATH_SEARCH_PATHS = "$(inherited) @executable_path/../Frameworks @loader_path/Frameworks";
				MACOSX_DEPLOYMENT_TARGET = 10.11;
				MTL_ENABLE_DEBUG_INFO = NO;
				PRODUCT_BUNDLE_IDENTIFIER = hihex.BinarySpec;
				PRODUCT_NAME = BinarySpec;
				SDKROOT = macosx;
				SKIP_INSTALL = YES;
				VERSIONING_SYSTEM = "apple-generic";
				VERSION_INFO_PREFIX = "";
			};
			name = Release;
		};
		9CD20AAA1C12293C007899F2 /* Debug */ = {
			isa = XCBuildConfiguration;
			buildSettings = {
				DEFINES_MODULE = YES;
				ENABLE_TESTABILITY = YES;
				IPHONEOS_DEPLOYMENT_TARGET = 8.0;
				LD_RUNPATH_SEARCH_PATHS = "@executable_path/../Frameworks @loader_path/../Frameworks";
				ONLY_ACTIVE_ARCH = YES;
				OTHER_SWIFT_FLAGS = "-D BINARY_SPEC_IS_A_MODULE";
			};
			name = Debug;
		};
		9CD20AAB1C12293C007899F2 /* Release */ = {
			isa = XCBuildConfiguration;
			buildSettings = {
				DEFINES_MODULE = YES;
				IPHONEOS_DEPLOYMENT_TARGET = 8.0;
				LD_RUNPATH_SEARCH_PATHS = "@executable_path/../Frameworks @loader_path/../Frameworks";
				OTHER_SWIFT_FLAGS = "-D BINARY_SPEC_IS_A_MODULE";
			};
			name = Release;
		};
		9CD20AF11C123137007899F2 /* Debug */ = {
			isa = XCBuildConfiguration;
			buildSettings = {
				ALWAYS_SEARCH_USER_PATHS = NO;
				APPLICATION_EXTENSION_API_ONLY = YES;
				CLANG_CXX_LANGUAGE_STANDARD = "gnu++0x";
				CLANG_CXX_LIBRARY = "libc++";
				CLANG_ENABLE_MODULES = YES;
				CLANG_ENABLE_OBJC_ARC = YES;
				CLANG_WARN_BOOL_CONVERSION = YES;
				CLANG_WARN_CONSTANT_CONVERSION = YES;
				CLANG_WARN_DIRECT_OBJC_ISA_USAGE = YES_ERROR;
				CLANG_WARN_EMPTY_BODY = YES;
				CLANG_WARN_ENUM_CONVERSION = YES;
				CLANG_WARN_INT_CONVERSION = YES;
				CLANG_WARN_OBJC_ROOT_CLASS = YES_ERROR;
				CLANG_WARN_UNREACHABLE_CODE = YES;
				CLANG_WARN__DUPLICATE_METHOD_MATCH = YES;
				"CODE_SIGN_IDENTITY[sdk=iphoneos*]" = "iPhone Developer";
				COPY_PHASE_STRIP = NO;
				CURRENT_PROJECT_VERSION = 1;
				DEBUG_INFORMATION_FORMAT = dwarf;
				DEFINES_MODULE = YES;
				DYLIB_COMPATIBILITY_VERSION = 1;
				DYLIB_CURRENT_VERSION = 1;
				DYLIB_INSTALL_NAME_BASE = "@rpath";
				ENABLE_STRICT_OBJC_MSGSEND = YES;
				ENABLE_TESTABILITY = YES;
				FRAMEWORK_SEARCH_PATHS = (
					"$(inherited)",
					"$(PROJECT_DIR)/Carthage/Checkouts/Box/build/Debug-iphoneos",
					"$(PROJECT_DIR)/Carthage/Checkouts/CocoaAsyncSocket/build/Debug-iphoneos",
					"$(PROJECT_DIR)/Carthage/Checkouts/Result/build/Debug-iphoneos",
				);
				GCC_C_LANGUAGE_STANDARD = gnu99;
				GCC_DYNAMIC_NO_PIC = NO;
				GCC_NO_COMMON_BLOCKS = YES;
				GCC_OPTIMIZATION_LEVEL = 0;
				GCC_PREPROCESSOR_DEFINITIONS = (
					"DEBUG=1",
					"$(inherited)",
				);
				GCC_WARN_64_TO_32_BIT_CONVERSION = YES;
				GCC_WARN_ABOUT_RETURN_TYPE = YES_ERROR;
				GCC_WARN_UNDECLARED_SELECTOR = YES;
				GCC_WARN_UNINITIALIZED_AUTOS = YES_AGGRESSIVE;
				GCC_WARN_UNUSED_FUNCTION = YES;
				GCC_WARN_UNUSED_VARIABLE = YES;
				INFOPLIST_FILE = Sources/Info.plist;
				INSTALL_PATH = "$(LOCAL_LIBRARY_DIR)/Frameworks";
				LD_RUNPATH_SEARCH_PATHS = "$(inherited) @executable_path/Frameworks @loader_path/Frameworks";
				MTL_ENABLE_DEBUG_INFO = YES;
				ONLY_ACTIVE_ARCH = YES;
				PRODUCT_BUNDLE_IDENTIFIER = kennytm.BinarySpec;
				PRODUCT_NAME = "$(TARGET_NAME)";
				SDKROOT = iphoneos;
				SKIP_INSTALL = YES;
				SWIFT_OPTIMIZATION_LEVEL = "-Onone";
				TARGETED_DEVICE_FAMILY = "1,2";
				VERSIONING_SYSTEM = "apple-generic";
				VERSION_INFO_PREFIX = "";
			};
			name = Debug;
		};
		9CD20AF21C123137007899F2 /* Release */ = {
			isa = XCBuildConfiguration;
			buildSettings = {
				ALWAYS_SEARCH_USER_PATHS = NO;
				APPLICATION_EXTENSION_API_ONLY = YES;
				CLANG_CXX_LANGUAGE_STANDARD = "gnu++0x";
				CLANG_CXX_LIBRARY = "libc++";
				CLANG_ENABLE_MODULES = YES;
				CLANG_ENABLE_OBJC_ARC = YES;
				CLANG_WARN_BOOL_CONVERSION = YES;
				CLANG_WARN_CONSTANT_CONVERSION = YES;
				CLANG_WARN_DIRECT_OBJC_ISA_USAGE = YES_ERROR;
				CLANG_WARN_EMPTY_BODY = YES;
				CLANG_WARN_ENUM_CONVERSION = YES;
				CLANG_WARN_INT_CONVERSION = YES;
				CLANG_WARN_OBJC_ROOT_CLASS = YES_ERROR;
				CLANG_WARN_UNREACHABLE_CODE = YES;
				CLANG_WARN__DUPLICATE_METHOD_MATCH = YES;
				"CODE_SIGN_IDENTITY[sdk=iphoneos*]" = "iPhone Developer";
				COPY_PHASE_STRIP = NO;
				CURRENT_PROJECT_VERSION = 1;
				DEBUG_INFORMATION_FORMAT = "dwarf-with-dsym";
				DEFINES_MODULE = YES;
				DYLIB_COMPATIBILITY_VERSION = 1;
				DYLIB_CURRENT_VERSION = 1;
				DYLIB_INSTALL_NAME_BASE = "@rpath";
				ENABLE_NS_ASSERTIONS = NO;
				ENABLE_STRICT_OBJC_MSGSEND = YES;
				FRAMEWORK_SEARCH_PATHS = (
					"$(inherited)",
					"$(PROJECT_DIR)/Carthage/Checkouts/Box/build/Debug-iphoneos",
					"$(PROJECT_DIR)/Carthage/Checkouts/CocoaAsyncSocket/build/Debug-iphoneos",
					"$(PROJECT_DIR)/Carthage/Checkouts/Result/build/Debug-iphoneos",
				);
				GCC_C_LANGUAGE_STANDARD = gnu99;
				GCC_NO_COMMON_BLOCKS = YES;
				GCC_WARN_64_TO_32_BIT_CONVERSION = YES;
				GCC_WARN_ABOUT_RETURN_TYPE = YES_ERROR;
				GCC_WARN_UNDECLARED_SELECTOR = YES;
				GCC_WARN_UNINITIALIZED_AUTOS = YES_AGGRESSIVE;
				GCC_WARN_UNUSED_FUNCTION = YES;
				GCC_WARN_UNUSED_VARIABLE = YES;
				INFOPLIST_FILE = Sources/Info.plist;
				INSTALL_PATH = "$(LOCAL_LIBRARY_DIR)/Frameworks";
				LD_RUNPATH_SEARCH_PATHS = "$(inherited) @executable_path/Frameworks @loader_path/Frameworks";
				MTL_ENABLE_DEBUG_INFO = NO;
				PRODUCT_BUNDLE_IDENTIFIER = kennytm.BinarySpec;
				PRODUCT_NAME = "$(TARGET_NAME)";
				SDKROOT = iphoneos;
				SKIP_INSTALL = YES;
				TARGETED_DEVICE_FAMILY = "1,2";
				VALIDATE_PRODUCT = YES;
				VERSIONING_SYSTEM = "apple-generic";
				VERSION_INFO_PREFIX = "";
			};
			name = Release;
		};
		9CD20AF41C123137007899F2 /* Debug */ = {
			isa = XCBuildConfiguration;
			buildSettings = {
				ALWAYS_SEARCH_USER_PATHS = NO;
				CLANG_CXX_LANGUAGE_STANDARD = "gnu++0x";
				CLANG_CXX_LIBRARY = "libc++";
				CLANG_ENABLE_MODULES = YES;
				CLANG_ENABLE_OBJC_ARC = YES;
				CLANG_WARN_BOOL_CONVERSION = YES;
				CLANG_WARN_CONSTANT_CONVERSION = YES;
				CLANG_WARN_DIRECT_OBJC_ISA_USAGE = YES_ERROR;
				CLANG_WARN_EMPTY_BODY = YES;
				CLANG_WARN_ENUM_CONVERSION = YES;
				CLANG_WARN_INT_CONVERSION = YES;
				CLANG_WARN_OBJC_ROOT_CLASS = YES_ERROR;
				CLANG_WARN_UNREACHABLE_CODE = YES;
				CLANG_WARN__DUPLICATE_METHOD_MATCH = YES;
				"CODE_SIGN_IDENTITY[sdk=iphoneos*]" = "iPhone Developer";
				COPY_PHASE_STRIP = NO;
				DEBUG_INFORMATION_FORMAT = dwarf;
				EMBEDDED_CONTENT_CONTAINS_SWIFT = YES;
				ENABLE_STRICT_OBJC_MSGSEND = YES;
				ENABLE_TESTABILITY = YES;
				GCC_C_LANGUAGE_STANDARD = gnu99;
				GCC_DYNAMIC_NO_PIC = NO;
				GCC_NO_COMMON_BLOCKS = YES;
				GCC_OPTIMIZATION_LEVEL = 0;
				GCC_PREPROCESSOR_DEFINITIONS = (
					"DEBUG=1",
					"$(inherited)",
				);
				GCC_WARN_64_TO_32_BIT_CONVERSION = YES;
				GCC_WARN_ABOUT_RETURN_TYPE = YES_ERROR;
				GCC_WARN_UNDECLARED_SELECTOR = YES;
				GCC_WARN_UNINITIALIZED_AUTOS = YES_AGGRESSIVE;
				GCC_WARN_UNUSED_FUNCTION = YES;
				GCC_WARN_UNUSED_VARIABLE = YES;
				INFOPLIST_FILE = Tests/Info.plist;
				IPHONEOS_DEPLOYMENT_TARGET = 9.1;
				LD_RUNPATH_SEARCH_PATHS = "$(inherited) @executable_path/Frameworks @loader_path/Frameworks";
				MTL_ENABLE_DEBUG_INFO = YES;
				ONLY_ACTIVE_ARCH = YES;
				PRODUCT_BUNDLE_IDENTIFIER = kennytm.BinarySpecTests;
				PRODUCT_NAME = "$(TARGET_NAME)";
				SDKROOT = iphoneos;
				SWIFT_OPTIMIZATION_LEVEL = "-Onone";
			};
			name = Debug;
		};
		9CD20AF51C123137007899F2 /* Release */ = {
			isa = XCBuildConfiguration;
			buildSettings = {
				ALWAYS_SEARCH_USER_PATHS = NO;
				CLANG_CXX_LANGUAGE_STANDARD = "gnu++0x";
				CLANG_CXX_LIBRARY = "libc++";
				CLANG_ENABLE_MODULES = YES;
				CLANG_ENABLE_OBJC_ARC = YES;
				CLANG_WARN_BOOL_CONVERSION = YES;
				CLANG_WARN_CONSTANT_CONVERSION = YES;
				CLANG_WARN_DIRECT_OBJC_ISA_USAGE = YES_ERROR;
				CLANG_WARN_EMPTY_BODY = YES;
				CLANG_WARN_ENUM_CONVERSION = YES;
				CLANG_WARN_INT_CONVERSION = YES;
				CLANG_WARN_OBJC_ROOT_CLASS = YES_ERROR;
				CLANG_WARN_UNREACHABLE_CODE = YES;
				CLANG_WARN__DUPLICATE_METHOD_MATCH = YES;
				"CODE_SIGN_IDENTITY[sdk=iphoneos*]" = "iPhone Developer";
				COPY_PHASE_STRIP = NO;
				DEBUG_INFORMATION_FORMAT = "dwarf-with-dsym";
				EMBEDDED_CONTENT_CONTAINS_SWIFT = YES;
				ENABLE_NS_ASSERTIONS = NO;
				ENABLE_STRICT_OBJC_MSGSEND = YES;
				GCC_C_LANGUAGE_STANDARD = gnu99;
				GCC_NO_COMMON_BLOCKS = YES;
				GCC_WARN_64_TO_32_BIT_CONVERSION = YES;
				GCC_WARN_ABOUT_RETURN_TYPE = YES_ERROR;
				GCC_WARN_UNDECLARED_SELECTOR = YES;
				GCC_WARN_UNINITIALIZED_AUTOS = YES_AGGRESSIVE;
				GCC_WARN_UNUSED_FUNCTION = YES;
				GCC_WARN_UNUSED_VARIABLE = YES;
				INFOPLIST_FILE = Tests/Info.plist;
				IPHONEOS_DEPLOYMENT_TARGET = 9.1;
				LD_RUNPATH_SEARCH_PATHS = "$(inherited) @executable_path/Frameworks @loader_path/Frameworks";
				MTL_ENABLE_DEBUG_INFO = NO;
				PRODUCT_BUNDLE_IDENTIFIER = kennytm.BinarySpecTests;
				PRODUCT_NAME = "$(TARGET_NAME)";
				SDKROOT = iphoneos;
				VALIDATE_PRODUCT = YES;
			};
			name = Release;
		};
		9CE5CFD81CD2209F00F383E4 /* Debug */ = {
			isa = XCBuildConfiguration;
			buildSettings = {
				ALWAYS_SEARCH_USER_PATHS = NO;
				CLANG_ANALYZER_NONNULL = YES;
				CLANG_CXX_LANGUAGE_STANDARD = "gnu++0x";
				CLANG_CXX_LIBRARY = "libc++";
				CLANG_ENABLE_MODULES = YES;
				CLANG_ENABLE_OBJC_ARC = YES;
				CLANG_WARN_BOOL_CONVERSION = YES;
				CLANG_WARN_CONSTANT_CONVERSION = YES;
				CLANG_WARN_DIRECT_OBJC_ISA_USAGE = YES_ERROR;
				CLANG_WARN_EMPTY_BODY = YES;
				CLANG_WARN_ENUM_CONVERSION = YES;
				CLANG_WARN_INT_CONVERSION = YES;
				CLANG_WARN_OBJC_ROOT_CLASS = YES_ERROR;
				CLANG_WARN_UNREACHABLE_CODE = YES;
				CLANG_WARN__DUPLICATE_METHOD_MATCH = YES;
				CODE_SIGN_IDENTITY = "-";
				COMBINE_HIDPI_IMAGES = YES;
				COPY_PHASE_STRIP = NO;
				DEBUG_INFORMATION_FORMAT = dwarf;
				ENABLE_STRICT_OBJC_MSGSEND = YES;
				GCC_C_LANGUAGE_STANDARD = gnu99;
				GCC_DYNAMIC_NO_PIC = NO;
				GCC_NO_COMMON_BLOCKS = YES;
				GCC_OPTIMIZATION_LEVEL = 0;
				GCC_PREPROCESSOR_DEFINITIONS = (
					"DEBUG=1",
					"$(inherited)",
				);
				GCC_WARN_64_TO_32_BIT_CONVERSION = YES;
				GCC_WARN_ABOUT_RETURN_TYPE = YES_ERROR;
				GCC_WARN_UNDECLARED_SELECTOR = YES;
				GCC_WARN_UNINITIALIZED_AUTOS = YES_AGGRESSIVE;
				GCC_WARN_UNUSED_FUNCTION = YES;
				GCC_WARN_UNUSED_VARIABLE = YES;
				INFOPLIST_FILE = Tests/Info.plist;
				LD_RUNPATH_SEARCH_PATHS = "$(inherited) @executable_path/../Frameworks @loader_path/../Frameworks";
				MTL_ENABLE_DEBUG_INFO = YES;
				PRODUCT_BUNDLE_IDENTIFIER = "hihex.BinarySpecTests-OSX";
				PRODUCT_NAME = "$(TARGET_NAME)";
				SDKROOT = macosx;
				SWIFT_OPTIMIZATION_LEVEL = "-Onone";
			};
			name = Debug;
		};
		9CE5CFD91CD2209F00F383E4 /* Release */ = {
			isa = XCBuildConfiguration;
			buildSettings = {
				ALWAYS_SEARCH_USER_PATHS = NO;
				CLANG_ANALYZER_NONNULL = YES;
				CLANG_CXX_LANGUAGE_STANDARD = "gnu++0x";
				CLANG_CXX_LIBRARY = "libc++";
				CLANG_ENABLE_MODULES = YES;
				CLANG_ENABLE_OBJC_ARC = YES;
				CLANG_WARN_BOOL_CONVERSION = YES;
				CLANG_WARN_CONSTANT_CONVERSION = YES;
				CLANG_WARN_DIRECT_OBJC_ISA_USAGE = YES_ERROR;
				CLANG_WARN_EMPTY_BODY = YES;
				CLANG_WARN_ENUM_CONVERSION = YES;
				CLANG_WARN_INT_CONVERSION = YES;
				CLANG_WARN_OBJC_ROOT_CLASS = YES_ERROR;
				CLANG_WARN_UNREACHABLE_CODE = YES;
				CLANG_WARN__DUPLICATE_METHOD_MATCH = YES;
				CODE_SIGN_IDENTITY = "-";
				COMBINE_HIDPI_IMAGES = YES;
				COPY_PHASE_STRIP = NO;
				DEBUG_INFORMATION_FORMAT = "dwarf-with-dsym";
				ENABLE_NS_ASSERTIONS = NO;
				ENABLE_STRICT_OBJC_MSGSEND = YES;
				GCC_C_LANGUAGE_STANDARD = gnu99;
				GCC_NO_COMMON_BLOCKS = YES;
				GCC_WARN_64_TO_32_BIT_CONVERSION = YES;
				GCC_WARN_ABOUT_RETURN_TYPE = YES_ERROR;
				GCC_WARN_UNDECLARED_SELECTOR = YES;
				GCC_WARN_UNINITIALIZED_AUTOS = YES_AGGRESSIVE;
				GCC_WARN_UNUSED_FUNCTION = YES;
				GCC_WARN_UNUSED_VARIABLE = YES;
				INFOPLIST_FILE = Tests/Info.plist;
				LD_RUNPATH_SEARCH_PATHS = "$(inherited) @executable_path/../Frameworks @loader_path/../Frameworks";
				MTL_ENABLE_DEBUG_INFO = NO;
				PRODUCT_BUNDLE_IDENTIFIER = "hihex.BinarySpecTests-OSX";
				PRODUCT_NAME = "$(TARGET_NAME)";
				SDKROOT = macosx;
			};
			name = Release;
		};
/* End XCBuildConfiguration section */

/* Begin XCConfigurationList section */
		9CB2D5121C4407E20022BFDA /* Build configuration list for PBXNativeTarget "BinarySpec_OSX" */ = {
			isa = XCConfigurationList;
			buildConfigurations = (
				9CB2D5131C4407E20022BFDA /* Debug */,
				9CB2D5141C4407E20022BFDA /* Release */,
			);
			defaultConfigurationIsVisible = 0;
			defaultConfigurationName = Release;
		};
		9CD20A9E1C12293C007899F2 /* Build configuration list for PBXProject "BinarySpec" */ = {
			isa = XCConfigurationList;
			buildConfigurations = (
				9CD20AAA1C12293C007899F2 /* Debug */,
				9CD20AAB1C12293C007899F2 /* Release */,
			);
			defaultConfigurationIsVisible = 0;
			defaultConfigurationName = Release;
		};
		9CD20AF01C123137007899F2 /* Build configuration list for PBXNativeTarget "BinarySpec" */ = {
			isa = XCConfigurationList;
			buildConfigurations = (
				9CD20AF11C123137007899F2 /* Debug */,
				9CD20AF21C123137007899F2 /* Release */,
			);
			defaultConfigurationIsVisible = 0;
			defaultConfigurationName = Release;
		};
		9CD20AF31C123137007899F2 /* Build configuration list for PBXNativeTarget "BinarySpecTests" */ = {
			isa = XCConfigurationList;
			buildConfigurations = (
				9CD20AF41C123137007899F2 /* Debug */,
				9CD20AF51C123137007899F2 /* Release */,
			);
			defaultConfigurationIsVisible = 0;
			defaultConfigurationName = Release;
		};
		9CE5CFDA1CD2209F00F383E4 /* Build configuration list for PBXNativeTarget "BinarySpecTests_OSX" */ = {
			isa = XCConfigurationList;
			buildConfigurations = (
				9CE5CFD81CD2209F00F383E4 /* Debug */,
				9CE5CFD91CD2209F00F383E4 /* Release */,
			);
			defaultConfigurationIsVisible = 0;
		};
/* End XCConfigurationList section */
	};
	rootObject = 9CD20A9B1C12293C007899F2 /* Project object */;
}
